version = 1
requires-python = ">=3.8"

[[package]]
name = "narwhals"
version = "1.26.0"
source = { registry = "https://pypi.org/simple" }
sdist = { url = "https://files.pythonhosted.org/packages/18/6f/75929abaac73088fe34c788ecb40db20252174bcd00b8612381aebb954ee/narwhals-1.26.0.tar.gz", hash = "sha256:b9d7605bf1d97a9d87783a69748c39150964e2a1ab0e5a6fef3e59e56772639e", size = 248933 }
wheels = [
    { url = "https://files.pythonhosted.org/packages/15/fc/420680ad8b0cf81372eee7a213a7b7173ec5a628f0d5b2426047fe55c3b3/narwhals-1.26.0-py3-none-any.whl", hash = "sha256:4af8bbdea9e45638bb9a981568a8dfa880e40eb7dcf740d19fd32aea79223c6f", size = 306574 },
]

[[package]]
name = "podium"
version = "0.1.0"
source = { editable = "." }
dependencies = [
    { name = "narwhals" },
]

[package.metadata]
requires-dist = [{ name = "narwhals", specifier = ">=1.26.0" }]
